
Microsoft Visual Studio Solution File, Format Version 12.00
Project("{FAE04EC0-301F-11D3-BF4B-00C04F79EFBC}") = "ImprovedStorageInfo", "ImprovedStorageInfo\ImprovedStorageInfo.csproj", "{4EB5AD27-1B25-4B3E-8F0C-1D3E79C5FCF1}"
EndProject
Project("{FAE04EC0-301F-11D3-BF4B-00C04F79EFBC}") = "ImprovedScanInfo", "ImprovedScanInfo\ImprovedScanInfo.csproj", "{54A285F3-CE18-4657-B5B9-94D93EA1CBC8}"
EndProject
Project("{FAE04EC0-301F-11D3-BF4B-00C04F79EFBC}") = "ModTranslationHelper", "ModTranslationHelper\ModTranslationHelper.csproj", "{7B19EA88-1EE1-4948-941A-99A400A48124}"
EndProject
Global
	GlobalSection(SolutionConfigurationPlatforms) = preSolution
		Release|Any CPU = Release|Any CPU
	EndGlobalSection
	GlobalSection(ProjectConfigurationPlatforms) = postSolution
		{4EB5AD27-1B25-4B3E-8F0C-1D3E79C5FCF1}.Release|Any CPU.ActiveCfg = Release|Any CPU
		{4EB5AD27-1B25-4B3E-8F0C-1D3E79C5FCF1}.Release|Any CPU.Build.0 = Release|Any CPU
		{54A285F3-CE18-4657-B5B9-94D93EA1CBC8}.Release|Any CPU.ActiveCfg = Release|Any CPU
		{54A285F3-CE18-4657-B5B9-94D93EA1CBC8}.Release|Any CPU.Build.0 = Release|Any CPU
		{7B19EA88-1EE1-4948-941A-99A400A48124}.Release|Any CPU.ActiveCfg = Release|Any CPU
		{7B19EA88-1EE1-4948-941A-99A400A48124}.Release|Any CPU.Build.0 = Release|Any CPU
	EndGlobalSection
EndGlobal
