
Microsoft Visual Studio Solution File, Format Version 12.00
Project("{FAE04EC0-301F-11D3-BF4B-00C04F79EFBC}") = "Tests", "Tests\Tests.csproj", "{A1C35D4C-B739-43B8-93DD-12C4CF86C4D5}"
EndProject
Project("{FAE04EC0-301F-11D3-BF4B-00C04F79EFBC}") = "ImprovedStorageInfo", "ImprovedStorageInfo\ImprovedStorageInfo.csproj", "{4EB5AD27-1B25-4B3E-8F0C-1D3E79C5FCF1}"
EndProject
Global
	GlobalSection(SolutionConfigurationPlatforms) = preSolution
		Debug|Any CPU = Debug|Any CPU
		Release|Any CPU = Release|Any CPU
	EndGlobalSection
	GlobalSection(ProjectConfigurationPlatforms) = postSolution
		{A1C35D4C-B739-43B8-93DD-12C4CF86C4D5}.Debug|Any CPU.ActiveCfg = Debug|Any CPU
		{A1C35D4C-B739-43B8-93DD-12C4CF86C4D5}.Debug|Any CPU.Build.0 = Debug|Any CPU
		{A1C35D4C-B739-43B8-93DD-12C4CF86C4D5}.Release|Any CPU.ActiveCfg = Release|Any CPU
		{A1C35D4C-B739-43B8-93DD-12C4CF86C4D5}.Release|Any CPU.Build.0 = Release|Any CPU
		{4EB5AD27-1B25-4B3E-8F0C-1D3E79C5FCF1}.Debug|Any CPU.ActiveCfg = Debug|Any CPU
		{4EB5AD27-1B25-4B3E-8F0C-1D3E79C5FCF1}.Debug|Any CPU.Build.0 = Debug|Any CPU
		{4EB5AD27-1B25-4B3E-8F0C-1D3E79C5FCF1}.Release|Any CPU.ActiveCfg = Release|Any CPU
		{4EB5AD27-1B25-4B3E-8F0C-1D3E79C5FCF1}.Release|Any CPU.Build.0 = Release|Any CPU
	EndGlobalSection
EndGlobal
